
Microsoft Visual Studio Solution File, Format Version 12.00
# Visual Studio Version 17
VisualStudioVersion = 17.3.32922.545
MinimumVisualStudioVersion = 10.0.40219.1
Project("{FAE04EC0-301F-11D3-BF4B-00C04F79EFBC}") = "AStar", "AStar\AStar.csproj", "{7A9693D5-2A7D-4062-80F5-96AADC23710F}"
EndProject
Global
	GlobalSection(SolutionConfigurationPlatforms) = preSolution
		Debug|Any CPU = Debug|Any CPU
		Release|Any CPU = Release|Any CPU
	EndGlobalSection
	GlobalSection(ProjectConfigurationPlatforms) = postSolution
		{7A9693D5-2A7D-4062-80F5-96AADC23710F}.Debug|Any CPU.ActiveCfg = Debug|Any CPU
		{7A9693D5-2A7D-4062-80F5-96AADC23710F}.Debug|Any CPU.Build.0 = Debug|Any CPU
		{7A9693D5-2A7D-4062-80F5-96AADC23710F}.Release|Any CPU.ActiveCfg = Release|Any CPU
		{7A9693D5-2A7D-4062-80F5-96AADC23710F}.Release|Any CPU.Build.0 = Release|Any CPU
	EndGlobalSection
	GlobalSection(SolutionProperties) = preSolution
		HideSolutionNode = FALSE
	EndGlobalSection
	GlobalSection(ExtensibilityGlobals) = postSolution
		SolutionGuid = {84BBC3B1-02D1-4F11-8E04-6575B445F5B3}
	EndGlobalSection
EndGlobal
